{
  "name": "@genform/complete",
  "version": "0.0.1",
  "lockfileVersion": 3,
  "requires": true,
  "packages": {
    "": {
      "name": "@genform/complete",
      "version": "0.0.1",
      "license": "MIT",
      "dependencies": {
        "@genform/core": "^0.1.5"
      },
      "devDependencies": {
        "prettier": "^3.1.1",
        "uglify-js": "^3.17.4"
      }
    },
    "node_modules/@genform/core": {
      "version": "0.1.5",
      "resolved": "https://registry.npmjs.org/@genform/core/-/core-0.1.5.tgz",
      "integrity": "sha512-OPI2MErrY2kxW/XEUDy4iNlwUbGlindHQgsu8CGZrmLNLPGOo8sdCl7N746pn7dQ3Q3OJ5aZa2GaE+mayR/YDw=="
    },
    "node_modules/prettier": {
      "version": "3.1.1",
      "resolved": "https://registry.npmjs.org/prettier/-/prettier-3.1.1.tgz",
      "integrity": "sha512-22UbSzg8luF4UuZtzgiUOfcGM8s4tjBv6dJRT7j275NXsy2jb4aJa4NNveul5x4eqlF1wuhuR2RElK71RvmVaw==",
      "dev": true,
      "bin": {
        "prettier": "bin/prettier.cjs"
      },
      "engines": {
        "node": ">=14"
      },
      "funding": {
        "url": "https://github.com/prettier/prettier?sponsor=1"
      }
    },
    "node_modules/uglify-js": {
      "version": "3.17.4",
      "resolved": "https://registry.npmjs.org/uglify-js/-/uglify-js-3.17.4.tgz",
      "integrity": "sha512-T9q82TJI9e/C1TAxYvfb16xO120tMVFZrGA3f9/P4424DNu6ypK103y0GPFVa17yotwSyZW5iYXgjYHkGrJW/g==",
      "dev": true,
      "bin": {
        "uglifyjs": "bin/uglifyjs"
      },
      "engines": {
        "node": ">=0.8.0"
      }
    }
  }
}
